{
  "name": "visa-sponsorship-companies-for-iranians",
  "version": "2.1.0",
  "lockfileVersion": 3,
  "requires": true,
  "packages": {
    "": {
      "name": "visa-sponsorship-companies-for-iranians",
      "version": "2.1.0",
      "license": "MIT",
      "devDependencies": {},
      "engines": {
        "node": ">=14.0.0"
      }
    }
  }
}
